
Microsoft Visual Studio Solution File, Format Version 12.00
# Visual Studio Version 17
VisualStudioVersion = 17.5.002.0
MinimumVisualStudioVersion = 10.0.40219.1
Project("{9A19103F-16F7-4668-BE54-9A1E7A4F7556}") = "replace-words", "replace-words\replace-words.csproj", "{BEC9E5A7-90CE-4413-A433-7693567BD60B}"
EndProject
Global
	GlobalSection(SolutionConfigurationPlatforms) = preSolution
		Debug|Any CPU = Debug|Any CPU
		Release|Any CPU = Release|Any CPU
	EndGlobalSection
	GlobalSection(ProjectConfigurationPlatforms) = postSolution
		{BEC9E5A7-90CE-4413-A433-7693567BD60B}.Debug|Any CPU.ActiveCfg = Debug|Any CPU
		{BEC9E5A7-90CE-4413-A433-7693567BD60B}.Debug|Any CPU.Build.0 = Debug|Any CPU
		{BEC9E5A7-90CE-4413-A433-7693567BD60B}.Release|Any CPU.ActiveCfg = Release|Any CPU
		{BEC9E5A7-90CE-4413-A433-7693567BD60B}.Release|Any CPU.Build.0 = Release|Any CPU
	EndGlobalSection
	GlobalSection(SolutionProperties) = preSolution
		HideSolutionNode = FALSE
	EndGlobalSection
	GlobalSection(ExtensibilityGlobals) = postSolution
		SolutionGuid = {A364C587-907E-48C4-9706-EB4A1280CE6A}
	EndGlobalSection
EndGlobal
